
Microsoft Visual Studio Solution File, Format Version 12.00
# Visual Studio Version 16
VisualStudioVersion = 16.0.29102.190
MinimumVisualStudioVersion = 10.0.40219.1
Project("{FAE04EC0-301F-11D3-BF4B-00C04F79EFBC}") = "xiotApp.Android", "xiotApp.Android\xiotApp.Android.csproj", "{6647D73E-42C6-4088-AA6E-896E89F3CDAA}"
EndProject
Project("{FAE04EC0-301F-11D3-BF4B-00C04F79EFBC}") = "xiotApp", "xiotApp\xiotApp.csproj", "{778F68FC-C0D9-4105-971A-41B57ED07002}"
EndProject
Global
	GlobalSection(SolutionConfigurationPlatforms) = preSolution
		Debug|Any CPU = Debug|Any CPU
		Release|Any CPU = Release|Any CPU
	EndGlobalSection
	GlobalSection(ProjectConfigurationPlatforms) = postSolution
		{6647D73E-42C6-4088-AA6E-896E89F3CDAA}.Debug|Any CPU.ActiveCfg = Debug|Any CPU
		{6647D73E-42C6-4088-AA6E-896E89F3CDAA}.Debug|Any CPU.Build.0 = Debug|Any CPU
		{6647D73E-42C6-4088-AA6E-896E89F3CDAA}.Debug|Any CPU.Deploy.0 = Debug|Any CPU
		{6647D73E-42C6-4088-AA6E-896E89F3CDAA}.Release|Any CPU.ActiveCfg = Release|Any CPU
		{6647D73E-42C6-4088-AA6E-896E89F3CDAA}.Release|Any CPU.Build.0 = Release|Any CPU
		{6647D73E-42C6-4088-AA6E-896E89F3CDAA}.Release|Any CPU.Deploy.0 = Release|Any CPU
		{778F68FC-C0D9-4105-971A-41B57ED07002}.Debug|Any CPU.ActiveCfg = Debug|Any CPU
		{778F68FC-C0D9-4105-971A-41B57ED07002}.Debug|Any CPU.Build.0 = Debug|Any CPU
		{778F68FC-C0D9-4105-971A-41B57ED07002}.Debug|Any CPU.Deploy.0 = Debug|Any CPU
		{778F68FC-C0D9-4105-971A-41B57ED07002}.Release|Any CPU.ActiveCfg = Release|Any CPU
		{778F68FC-C0D9-4105-971A-41B57ED07002}.Release|Any CPU.Build.0 = Release|Any CPU
		{778F68FC-C0D9-4105-971A-41B57ED07002}.Release|Any CPU.Deploy.0 = Release|Any CPU
	EndGlobalSection
	GlobalSection(SolutionProperties) = preSolution
		HideSolutionNode = FALSE
	EndGlobalSection
	GlobalSection(ExtensibilityGlobals) = postSolution
		SolutionGuid = {360B508A-FB9E-4835-8D39-B8EC266BA264}
	EndGlobalSection
EndGlobal
